
Microsoft Visual Studio Solution File, Format Version 12.00
# Visual Studio Version 17
VisualStudioVersion = 17.14.36310.24 d17.14
MinimumVisualStudioVersion = 10.0.40219.1
Project("{2150E333-8FDC-42A3-9474-1A3956D46DE8}") = "BasicCS", "BasicCS", "{02EA681E-C7D8-13C7-8484-4AC65E1B71E8}"
EndProject
Project("{2150E333-8FDC-42A3-9474-1A3956D46DE8}") = "01", "01", "{CAE29398-8DD1-4AD1-8CB6-0A9BBFC6A998}"
EndProject
Project("{FAE04EC0-301F-11D3-BF4B-00C04F79EFBC}") = "Ex01", "..\Ex01\Ex01.csproj", "{A579CDE5-3E85-405B-86A2-7D7B373FA1A7}"
EndProject
Project("{2150E333-8FDC-42A3-9474-1A3956D46DE8}") = "02", "02", "{832D5315-B860-44C1-8CF9-0B836C4EE357}"
EndProject
Project("{FAE04EC0-301F-11D3-BF4B-00C04F79EFBC}") = "Ex02", "..\Ex02\Ex02.csproj", "{E0D5D8B8-2074-46F9-85FA-6ED8F7B8CE27}"
EndProject
Project("{FAE04EC0-301F-11D3-BF4B-00C04F79EFBC}") = "Ex03", "..\Ex03\Ex03.csproj", "{41390FC5-8ABB-43B3-BC76-9355B56C07F4}"
EndProject
Project("{FAE04EC0-301F-11D3-BF4B-00C04F79EFBC}") = "Ex04", "..\Ex04\Ex04.csproj", "{53EAAAB5-E70B-47A4-BF31-85DF34A01344}"
EndProject
Project("{FAE04EC0-301F-11D3-BF4B-00C04F79EFBC}") = "Ex05", "..\Ex05\Ex05.csproj", "{AD137603-4772-46B6-85DD-DC77DE10081C}"
EndProject
Project("{FAE04EC0-301F-11D3-BF4B-00C04F79EFBC}") = "Ex06", "..\Ex06\Ex06.csproj", "{23A01956-F9EB-4A78-A150-67C287F84890}"
EndProject
Project("{FAE04EC0-301F-11D3-BF4B-00C04F79EFBC}") = "Ex07", "..\Ex07\Ex07.csproj", "{08C051F0-6A3F-44EF-9D4B-733907C496F0}"
EndProject
Project("{FAE04EC0-301F-11D3-BF4B-00C04F79EFBC}") = "Ex08", "..\Ex08\Ex08.csproj", "{4BFB3232-D81F-4077-802A-8A10B78D0121}"
EndProject
Project("{FAE04EC0-301F-11D3-BF4B-00C04F79EFBC}") = "Ex09", "..\Ex09\Ex09.csproj", "{15A95355-7CAF-455E-8058-93C7D1D734C1}"
EndProject
Project("{FAE04EC0-301F-11D3-BF4B-00C04F79EFBC}") = "Ex10", "..\Ex10\Ex10.csproj", "{1D813E59-534B-4C08-AE46-F10BD88E4EB9}"
EndProject
Project("{FAE04EC0-301F-11D3-BF4B-00C04F79EFBC}") = "Ex11", "..\Ex11\Ex11.csproj", "{E745EC15-2BBC-4AC9-92E0-58D8855D61DF}"
EndProject
Project("{FAE04EC0-301F-11D3-BF4B-00C04F79EFBC}") = "Ex12", "..\Ex12\Ex12.csproj", "{43478D97-6C54-4B3D-87E5-02488CD71FE7}"
EndProject
Project("{FAE04EC0-301F-11D3-BF4B-00C04F79EFBC}") = "Ex13", "..\Ex13\Ex13.csproj", "{BBD2467D-73A4-4361-90A8-B234EA6A0CDF}"
EndProject
Project("{FAE04EC0-301F-11D3-BF4B-00C04F79EFBC}") = "Ex14", "..\Ex14\Ex14.csproj", "{592BFD77-EEE0-4D35-822F-36801C4A675D}"
EndProject
Project("{2150E333-8FDC-42A3-9474-1A3956D46DE8}") = "03", "03", "{C6E078B2-A724-4083-9CE0-233E2AF2B1DE}"
EndProject
Project("{FAE04EC0-301F-11D3-BF4B-00C04F79EFBC}") = "Ex3.01", "..\Ex3.01\Ex3.01.csproj", "{1D3F4F17-E5B0-4C41-B403-BBCFA18E023C}"
EndProject
Project("{FAE04EC0-301F-11D3-BF4B-00C04F79EFBC}") = "Ex3.02", "..\Ex3.02\Ex3.02.csproj", "{942110EC-24FE-48B0-8F60-F9D0850D2C48}"
EndProject
Project("{FAE04EC0-301F-11D3-BF4B-00C04F79EFBC}") = "Ex3.03", "..\Ex3.03\Ex3.03.csproj", "{5267BC8E-D4E2-4CE6-BE2E-57E45A341060}"
EndProject
Project("{FAE04EC0-301F-11D3-BF4B-00C04F79EFBC}") = "Ex3.04", "..\Ex3.04\Ex3.04.csproj", "{55E1AF62-F0AF-43D7-A5E3-36192BCC4472}"
EndProject
Project("{FAE04EC0-301F-11D3-BF4B-00C04F79EFBC}") = "Ex3.05", "..\Ex3.05\Ex3.05.csproj", "{E2198E3A-7E20-4B35-A7F1-1969259BA691}"
EndProject
Project("{FAE04EC0-301F-11D3-BF4B-00C04F79EFBC}") = "Ex3.06", "..\Ex3.06\Ex3.06.csproj", "{42DEC51A-82CF-4315-B695-1BB1E75887FF}"
EndProject
Project("{FAE04EC0-301F-11D3-BF4B-00C04F79EFBC}") = "Ex3.07", "..\Ex3.07\Ex3.07.csproj", "{C7096D06-D07B-4A13-9074-C39E4D3F0527}"
EndProject
Project("{FAE04EC0-301F-11D3-BF4B-00C04F79EFBC}") = "Ex3.08", "..\Ex3.08\Ex3.08.csproj", "{32707069-DCA3-4249-8727-F70700608C3F}"
EndProject
Project("{FAE04EC0-301F-11D3-BF4B-00C04F79EFBC}") = "Ex3.09", "..\Ex3.09\Ex3.09.csproj", "{CDEFCA88-094E-487E-B848-52D82E2A3F62}"
EndProject
Project("{FAE04EC0-301F-11D3-BF4B-00C04F79EFBC}") = "Ex3.10", "..\Ex3.10\Ex3.10.csproj", "{E1883A40-EAD5-4BE6-A0B0-1254C8E714A5}"
EndProject
Project("{FAE04EC0-301F-11D3-BF4B-00C04F79EFBC}") = "Ex3.11", "..\Ex3.11\Ex3.11.csproj", "{9041BC4E-ADE6-412C-B634-EB7E598B15B9}"
EndProject
Project("{FAE04EC0-301F-11D3-BF4B-00C04F79EFBC}") = "Ex3.12", "..\Ex3.12\Ex3.12.csproj", "{0F5E9ACF-B93A-4136-B27E-BD84BC0FA2F5}"
EndProject
Project("{FAE04EC0-301F-11D3-BF4B-00C04F79EFBC}") = "Ex3.13", "..\Ex3.13\Ex3.13.csproj", "{8A362238-5904-48A2-BDF2-0316CB4B9074}"
EndProject
Project("{FAE04EC0-301F-11D3-BF4B-00C04F79EFBC}") = "Ex3.14", "..\Ex3.14\Ex3.14.csproj", "{B00765CD-1AEF-461E-BBC6-BB74A0FB7E5B}"
EndProject
Project("{2150E333-8FDC-42A3-9474-1A3956D46DE8}") = "Solution Items", "Solution Items", "{8EC462FD-D22E-90A8-E5CE-7E832BA40C5D}"
	ProjectSection(SolutionItems) = preProject
		.gitignore = .gitignore
	EndProjectSection
EndProject
Global
	GlobalSection(SolutionConfigurationPlatforms) = preSolution
		Debug|Any CPU = Debug|Any CPU
		Release|Any CPU = Release|Any CPU
	EndGlobalSection
	GlobalSection(ProjectConfigurationPlatforms) = postSolution
		{A579CDE5-3E85-405B-86A2-7D7B373FA1A7}.Debug|Any CPU.ActiveCfg = Debug|Any CPU
		{A579CDE5-3E85-405B-86A2-7D7B373FA1A7}.Debug|Any CPU.Build.0 = Debug|Any CPU
		{A579CDE5-3E85-405B-86A2-7D7B373FA1A7}.Release|Any CPU.ActiveCfg = Release|Any CPU
		{A579CDE5-3E85-405B-86A2-7D7B373FA1A7}.Release|Any CPU.Build.0 = Release|Any CPU
		{E0D5D8B8-2074-46F9-85FA-6ED8F7B8CE27}.Debug|Any CPU.ActiveCfg = Debug|Any CPU
		{E0D5D8B8-2074-46F9-85FA-6ED8F7B8CE27}.Debug|Any CPU.Build.0 = Debug|Any CPU
		{E0D5D8B8-2074-46F9-85FA-6ED8F7B8CE27}.Release|Any CPU.ActiveCfg = Release|Any CPU
		{E0D5D8B8-2074-46F9-85FA-6ED8F7B8CE27}.Release|Any CPU.Build.0 = Release|Any CPU
		{41390FC5-8ABB-43B3-BC76-9355B56C07F4}.Debug|Any CPU.ActiveCfg = Debug|Any CPU
		{41390FC5-8ABB-43B3-BC76-9355B56C07F4}.Debug|Any CPU.Build.0 = Debug|Any CPU
		{41390FC5-8ABB-43B3-BC76-9355B56C07F4}.Release|Any CPU.ActiveCfg = Release|Any CPU
		{41390FC5-8ABB-43B3-BC76-9355B56C07F4}.Release|Any CPU.Build.0 = Release|Any CPU
		{53EAAAB5-E70B-47A4-BF31-85DF34A01344}.Debug|Any CPU.ActiveCfg = Debug|Any CPU
		{53EAAAB5-E70B-47A4-BF31-85DF34A01344}.Debug|Any CPU.Build.0 = Debug|Any CPU
		{53EAAAB5-E70B-47A4-BF31-85DF34A01344}.Release|Any CPU.ActiveCfg = Release|Any CPU
		{53EAAAB5-E70B-47A4-BF31-85DF34A01344}.Release|Any CPU.Build.0 = Release|Any CPU
		{AD137603-4772-46B6-85DD-DC77DE10081C}.Debug|Any CPU.ActiveCfg = Debug|Any CPU
		{AD137603-4772-46B6-85DD-DC77DE10081C}.Debug|Any CPU.Build.0 = Debug|Any CPU
		{AD137603-4772-46B6-85DD-DC77DE10081C}.Release|Any CPU.ActiveCfg = Release|Any CPU
		{AD137603-4772-46B6-85DD-DC77DE10081C}.Release|Any CPU.Build.0 = Release|Any CPU
		{23A01956-F9EB-4A78-A150-67C287F84890}.Debug|Any CPU.ActiveCfg = Debug|Any CPU
		{23A01956-F9EB-4A78-A150-67C287F84890}.Debug|Any CPU.Build.0 = Debug|Any CPU
		{23A01956-F9EB-4A78-A150-67C287F84890}.Release|Any CPU.ActiveCfg = Release|Any CPU
		{23A01956-F9EB-4A78-A150-67C287F84890}.Release|Any CPU.Build.0 = Release|Any CPU
		{08C051F0-6A3F-44EF-9D4B-733907C496F0}.Debug|Any CPU.ActiveCfg = Debug|Any CPU
		{08C051F0-6A3F-44EF-9D4B-733907C496F0}.Debug|Any CPU.Build.0 = Debug|Any CPU
		{08C051F0-6A3F-44EF-9D4B-733907C496F0}.Release|Any CPU.ActiveCfg = Release|Any CPU
		{08C051F0-6A3F-44EF-9D4B-733907C496F0}.Release|Any CPU.Build.0 = Release|Any CPU
		{4BFB3232-D81F-4077-802A-8A10B78D0121}.Debug|Any CPU.ActiveCfg = Debug|Any CPU
		{4BFB3232-D81F-4077-802A-8A10B78D0121}.Debug|Any CPU.Build.0 = Debug|Any CPU
		{4BFB3232-D81F-4077-802A-8A10B78D0121}.Release|Any CPU.ActiveCfg = Release|Any CPU
		{4BFB3232-D81F-4077-802A-8A10B78D0121}.Release|Any CPU.Build.0 = Release|Any CPU
		{15A95355-7CAF-455E-8058-93C7D1D734C1}.Debug|Any CPU.ActiveCfg = Debug|Any CPU
		{15A95355-7CAF-455E-8058-93C7D1D734C1}.Debug|Any CPU.Build.0 = Debug|Any CPU
		{15A95355-7CAF-455E-8058-93C7D1D734C1}.Release|Any CPU.ActiveCfg = Release|Any CPU
		{15A95355-7CAF-455E-8058-93C7D1D734C1}.Release|Any CPU.Build.0 = Release|Any CPU
		{1D813E59-534B-4C08-AE46-F10BD88E4EB9}.Debug|Any CPU.ActiveCfg = Debug|Any CPU
		{1D813E59-534B-4C08-AE46-F10BD88E4EB9}.Debug|Any CPU.Build.0 = Debug|Any CPU
		{1D813E59-534B-4C08-AE46-F10BD88E4EB9}.Release|Any CPU.ActiveCfg = Release|Any CPU
		{1D813E59-534B-4C08-AE46-F10BD88E4EB9}.Release|Any CPU.Build.0 = Release|Any CPU
		{E745EC15-2BBC-4AC9-92E0-58D8855D61DF}.Debug|Any CPU.ActiveCfg = Debug|Any CPU
		{E745EC15-2BBC-4AC9-92E0-58D8855D61DF}.Debug|Any CPU.Build.0 = Debug|Any CPU
		{E745EC15-2BBC-4AC9-92E0-58D8855D61DF}.Release|Any CPU.ActiveCfg = Release|Any CPU
		{E745EC15-2BBC-4AC9-92E0-58D8855D61DF}.Release|Any CPU.Build.0 = Release|Any CPU
		{43478D97-6C54-4B3D-87E5-02488CD71FE7}.Debug|Any CPU.ActiveCfg = Debug|Any CPU
		{43478D97-6C54-4B3D-87E5-02488CD71FE7}.Debug|Any CPU.Build.0 = Debug|Any CPU
		{43478D97-6C54-4B3D-87E5-02488CD71FE7}.Release|Any CPU.ActiveCfg = Release|Any CPU
		{43478D97-6C54-4B3D-87E5-02488CD71FE7}.Release|Any CPU.Build.0 = Release|Any CPU
		{BBD2467D-73A4-4361-90A8-B234EA6A0CDF}.Debug|Any CPU.ActiveCfg = Debug|Any CPU
		{BBD2467D-73A4-4361-90A8-B234EA6A0CDF}.Debug|Any CPU.Build.0 = Debug|Any CPU
		{BBD2467D-73A4-4361-90A8-B234EA6A0CDF}.Release|Any CPU.ActiveCfg = Release|Any CPU
		{BBD2467D-73A4-4361-90A8-B234EA6A0CDF}.Release|Any CPU.Build.0 = Release|Any CPU
		{592BFD77-EEE0-4D35-822F-36801C4A675D}.Debug|Any CPU.ActiveCfg = Debug|Any CPU
		{592BFD77-EEE0-4D35-822F-36801C4A675D}.Debug|Any CPU.Build.0 = Debug|Any CPU
		{592BFD77-EEE0-4D35-822F-36801C4A675D}.Release|Any CPU.ActiveCfg = Release|Any CPU
		{592BFD77-EEE0-4D35-822F-36801C4A675D}.Release|Any CPU.Build.0 = Release|Any CPU
		{1D3F4F17-E5B0-4C41-B403-BBCFA18E023C}.Debug|Any CPU.ActiveCfg = Debug|Any CPU
		{1D3F4F17-E5B0-4C41-B403-BBCFA18E023C}.Debug|Any CPU.Build.0 = Debug|Any CPU
		{1D3F4F17-E5B0-4C41-B403-BBCFA18E023C}.Release|Any CPU.ActiveCfg = Release|Any CPU
		{1D3F4F17-E5B0-4C41-B403-BBCFA18E023C}.Release|Any CPU.Build.0 = Release|Any CPU
		{942110EC-24FE-48B0-8F60-F9D0850D2C48}.Debug|Any CPU.ActiveCfg = Debug|Any CPU
		{942110EC-24FE-48B0-8F60-F9D0850D2C48}.Debug|Any CPU.Build.0 = Debug|Any CPU
		{942110EC-24FE-48B0-8F60-F9D0850D2C48}.Release|Any CPU.ActiveCfg = Release|Any CPU
		{942110EC-24FE-48B0-8F60-F9D0850D2C48}.Release|Any CPU.Build.0 = Release|Any CPU
		{5267BC8E-D4E2-4CE6-BE2E-57E45A341060}.Debug|Any CPU.ActiveCfg = Debug|Any CPU
		{5267BC8E-D4E2-4CE6-BE2E-57E45A341060}.Debug|Any CPU.Build.0 = Debug|Any CPU
		{5267BC8E-D4E2-4CE6-BE2E-57E45A341060}.Release|Any CPU.ActiveCfg = Release|Any CPU
		{5267BC8E-D4E2-4CE6-BE2E-57E45A341060}.Release|Any CPU.Build.0 = Release|Any CPU
		{55E1AF62-F0AF-43D7-A5E3-36192BCC4472}.Debug|Any CPU.ActiveCfg = Debug|Any CPU
		{55E1AF62-F0AF-43D7-A5E3-36192BCC4472}.Debug|Any CPU.Build.0 = Debug|Any CPU
		{55E1AF62-F0AF-43D7-A5E3-36192BCC4472}.Release|Any CPU.ActiveCfg = Release|Any CPU
		{55E1AF62-F0AF-43D7-A5E3-36192BCC4472}.Release|Any CPU.Build.0 = Release|Any CPU
		{E2198E3A-7E20-4B35-A7F1-1969259BA691}.Debug|Any CPU.ActiveCfg = Debug|Any CPU
		{E2198E3A-7E20-4B35-A7F1-1969259BA691}.Debug|Any CPU.Build.0 = Debug|Any CPU
		{E2198E3A-7E20-4B35-A7F1-1969259BA691}.Release|Any CPU.ActiveCfg = Release|Any CPU
		{E2198E3A-7E20-4B35-A7F1-1969259BA691}.Release|Any CPU.Build.0 = Release|Any CPU
		{42DEC51A-82CF-4315-B695-1BB1E75887FF}.Debug|Any CPU.ActiveCfg = Debug|Any CPU
		{42DEC51A-82CF-4315-B695-1BB1E75887FF}.Debug|Any CPU.Build.0 = Debug|Any CPU
		{42DEC51A-82CF-4315-B695-1BB1E75887FF}.Release|Any CPU.ActiveCfg = Release|Any CPU
		{42DEC51A-82CF-4315-B695-1BB1E75887FF}.Release|Any CPU.Build.0 = Release|Any CPU
		{C7096D06-D07B-4A13-9074-C39E4D3F0527}.Debug|Any CPU.ActiveCfg = Debug|Any CPU
		{C7096D06-D07B-4A13-9074-C39E4D3F0527}.Debug|Any CPU.Build.0 = Debug|Any CPU
		{C7096D06-D07B-4A13-9074-C39E4D3F0527}.Release|Any CPU.ActiveCfg = Release|Any CPU
		{C7096D06-D07B-4A13-9074-C39E4D3F0527}.Release|Any CPU.Build.0 = Release|Any CPU
		{32707069-DCA3-4249-8727-F70700608C3F}.Debug|Any CPU.ActiveCfg = Debug|Any CPU
		{32707069-DCA3-4249-8727-F70700608C3F}.Debug|Any CPU.Build.0 = Debug|Any CPU
		{32707069-DCA3-4249-8727-F70700608C3F}.Release|Any CPU.ActiveCfg = Release|Any CPU
		{32707069-DCA3-4249-8727-F70700608C3F}.Release|Any CPU.Build.0 = Release|Any CPU
		{CDEFCA88-094E-487E-B848-52D82E2A3F62}.Debug|Any CPU.ActiveCfg = Debug|Any CPU
		{CDEFCA88-094E-487E-B848-52D82E2A3F62}.Debug|Any CPU.Build.0 = Debug|Any CPU
		{CDEFCA88-094E-487E-B848-52D82E2A3F62}.Release|Any CPU.ActiveCfg = Release|Any CPU
		{CDEFCA88-094E-487E-B848-52D82E2A3F62}.Release|Any CPU.Build.0 = Release|Any CPU
		{E1883A40-EAD5-4BE6-A0B0-1254C8E714A5}.Debug|Any CPU.ActiveCfg = Debug|Any CPU
		{E1883A40-EAD5-4BE6-A0B0-1254C8E714A5}.Debug|Any CPU.Build.0 = Debug|Any CPU
		{E1883A40-EAD5-4BE6-A0B0-1254C8E714A5}.Release|Any CPU.ActiveCfg = Release|Any CPU
		{E1883A40-EAD5-4BE6-A0B0-1254C8E714A5}.Release|Any CPU.Build.0 = Release|Any CPU
		{9041BC4E-ADE6-412C-B634-EB7E598B15B9}.Debug|Any CPU.ActiveCfg = Debug|Any CPU
		{9041BC4E-ADE6-412C-B634-EB7E598B15B9}.Debug|Any CPU.Build.0 = Debug|Any CPU
		{9041BC4E-ADE6-412C-B634-EB7E598B15B9}.Release|Any CPU.ActiveCfg = Release|Any CPU
		{9041BC4E-ADE6-412C-B634-EB7E598B15B9}.Release|Any CPU.Build.0 = Release|Any CPU
		{0F5E9ACF-B93A-4136-B27E-BD84BC0FA2F5}.Debug|Any CPU.ActiveCfg = Debug|Any CPU
		{0F5E9ACF-B93A-4136-B27E-BD84BC0FA2F5}.Debug|Any CPU.Build.0 = Debug|Any CPU
		{0F5E9ACF-B93A-4136-B27E-BD84BC0FA2F5}.Release|Any CPU.ActiveCfg = Release|Any CPU
		{0F5E9ACF-B93A-4136-B27E-BD84BC0FA2F5}.Release|Any CPU.Build.0 = Release|Any CPU
		{8A362238-5904-48A2-BDF2-0316CB4B9074}.Debug|Any CPU.ActiveCfg = Debug|Any CPU
		{8A362238-5904-48A2-BDF2-0316CB4B9074}.Debug|Any CPU.Build.0 = Debug|Any CPU
		{8A362238-5904-48A2-BDF2-0316CB4B9074}.Release|Any CPU.ActiveCfg = Release|Any CPU
		{8A362238-5904-48A2-BDF2-0316CB4B9074}.Release|Any CPU.Build.0 = Release|Any CPU
		{B00765CD-1AEF-461E-BBC6-BB74A0FB7E5B}.Debug|Any CPU.ActiveCfg = Debug|Any CPU
		{B00765CD-1AEF-461E-BBC6-BB74A0FB7E5B}.Debug|Any CPU.Build.0 = Debug|Any CPU
		{B00765CD-1AEF-461E-BBC6-BB74A0FB7E5B}.Release|Any CPU.ActiveCfg = Release|Any CPU
		{B00765CD-1AEF-461E-BBC6-BB74A0FB7E5B}.Release|Any CPU.Build.0 = Release|Any CPU
	EndGlobalSection
	GlobalSection(SolutionProperties) = preSolution
		HideSolutionNode = FALSE
	EndGlobalSection
	GlobalSection(NestedProjects) = preSolution
		{CAE29398-8DD1-4AD1-8CB6-0A9BBFC6A998} = {02EA681E-C7D8-13C7-8484-4AC65E1B71E8}
		{A579CDE5-3E85-405B-86A2-7D7B373FA1A7} = {CAE29398-8DD1-4AD1-8CB6-0A9BBFC6A998}
		{832D5315-B860-44C1-8CF9-0B836C4EE357} = {02EA681E-C7D8-13C7-8484-4AC65E1B71E8}
		{E0D5D8B8-2074-46F9-85FA-6ED8F7B8CE27} = {832D5315-B860-44C1-8CF9-0B836C4EE357}
		{41390FC5-8ABB-43B3-BC76-9355B56C07F4} = {832D5315-B860-44C1-8CF9-0B836C4EE357}
		{53EAAAB5-E70B-47A4-BF31-85DF34A01344} = {832D5315-B860-44C1-8CF9-0B836C4EE357}
		{AD137603-4772-46B6-85DD-DC77DE10081C} = {832D5315-B860-44C1-8CF9-0B836C4EE357}
		{23A01956-F9EB-4A78-A150-67C287F84890} = {832D5315-B860-44C1-8CF9-0B836C4EE357}
		{08C051F0-6A3F-44EF-9D4B-733907C496F0} = {832D5315-B860-44C1-8CF9-0B836C4EE357}
		{4BFB3232-D81F-4077-802A-8A10B78D0121} = {832D5315-B860-44C1-8CF9-0B836C4EE357}
		{15A95355-7CAF-455E-8058-93C7D1D734C1} = {832D5315-B860-44C1-8CF9-0B836C4EE357}
		{1D813E59-534B-4C08-AE46-F10BD88E4EB9} = {832D5315-B860-44C1-8CF9-0B836C4EE357}
		{E745EC15-2BBC-4AC9-92E0-58D8855D61DF} = {832D5315-B860-44C1-8CF9-0B836C4EE357}
		{43478D97-6C54-4B3D-87E5-02488CD71FE7} = {832D5315-B860-44C1-8CF9-0B836C4EE357}
		{BBD2467D-73A4-4361-90A8-B234EA6A0CDF} = {832D5315-B860-44C1-8CF9-0B836C4EE357}
		{592BFD77-EEE0-4D35-822F-36801C4A675D} = {832D5315-B860-44C1-8CF9-0B836C4EE357}
		{C6E078B2-A724-4083-9CE0-233E2AF2B1DE} = {02EA681E-C7D8-13C7-8484-4AC65E1B71E8}
		{1D3F4F17-E5B0-4C41-B403-BBCFA18E023C} = {C6E078B2-A724-4083-9CE0-233E2AF2B1DE}
		{942110EC-24FE-48B0-8F60-F9D0850D2C48} = {C6E078B2-A724-4083-9CE0-233E2AF2B1DE}
		{5267BC8E-D4E2-4CE6-BE2E-57E45A341060} = {C6E078B2-A724-4083-9CE0-233E2AF2B1DE}
		{55E1AF62-F0AF-43D7-A5E3-36192BCC4472} = {C6E078B2-A724-4083-9CE0-233E2AF2B1DE}
		{E2198E3A-7E20-4B35-A7F1-1969259BA691} = {C6E078B2-A724-4083-9CE0-233E2AF2B1DE}
		{42DEC51A-82CF-4315-B695-1BB1E75887FF} = {C6E078B2-A724-4083-9CE0-233E2AF2B1DE}
		{C7096D06-D07B-4A13-9074-C39E4D3F0527} = {C6E078B2-A724-4083-9CE0-233E2AF2B1DE}
		{32707069-DCA3-4249-8727-F70700608C3F} = {C6E078B2-A724-4083-9CE0-233E2AF2B1DE}
		{CDEFCA88-094E-487E-B848-52D82E2A3F62} = {C6E078B2-A724-4083-9CE0-233E2AF2B1DE}
		{E1883A40-EAD5-4BE6-A0B0-1254C8E714A5} = {C6E078B2-A724-4083-9CE0-233E2AF2B1DE}
		{9041BC4E-ADE6-412C-B634-EB7E598B15B9} = {C6E078B2-A724-4083-9CE0-233E2AF2B1DE}
		{0F5E9ACF-B93A-4136-B27E-BD84BC0FA2F5} = {C6E078B2-A724-4083-9CE0-233E2AF2B1DE}
		{8A362238-5904-48A2-BDF2-0316CB4B9074} = {C6E078B2-A724-4083-9CE0-233E2AF2B1DE}
		{B00765CD-1AEF-461E-BBC6-BB74A0FB7E5B} = {C6E078B2-A724-4083-9CE0-233E2AF2B1DE}
	EndGlobalSection
	GlobalSection(ExtensibilityGlobals) = postSolution
		SolutionGuid = {0FB64D70-EFA1-459F-8B10-827C48251611}
	EndGlobalSection
EndGlobal
